
Microsoft Visual Studio Solution File, Format Version 12.00
# Visual Studio 2013
VisualStudioVersion = 12.0.21005.1
MinimumVisualStudioVersion = 10.0.40219.1
Project("{FAE04EC0-301F-11D3-BF4B-00C04F79EFBC}") = "ERP", "ERP.UI\ERP.csproj", "{A2B7ADE9-0B60-49C9-AC01-8D3B3A2641D8}"
	ProjectSection(ProjectDependencies) = postProject
		{EA505340-6C3F-4A45-8876-61C0C8A17A5F} = {EA505340-6C3F-4A45-8876-61C0C8A17A5F}
		{E0403CE7-71F7-4D02-85D1-1EE7125C1E75} = {E0403CE7-71F7-4D02-85D1-1EE7125C1E75}
	EndProjectSection
EndProject
Project("{FAE04EC0-301F-11D3-BF4B-00C04F79EFBC}") = "BusinessLogicLayer", "BusinessLogicLayer\BusinessLogicLayer.csproj", "{EA505340-6C3F-4A45-8876-61C0C8A17A5F}"
	ProjectSection(ProjectDependencies) = postProject
		{E0403CE7-71F7-4D02-85D1-1EE7125C1E75} = {E0403CE7-71F7-4D02-85D1-1EE7125C1E75}
	EndProjectSection
EndProject
Project("{FAE04EC0-301F-11D3-BF4B-00C04F79EFBC}") = "DataAccessLayer", "DataAccessLayer\DataAccessLayer.csproj", "{E0403CE7-71F7-4D02-85D1-1EE7125C1E75}"
EndProject
Project("{FAE04EC0-301F-11D3-BF4B-00C04F79EFBC}") = "UtilityLayer", "UtilityLayer\UtilityLayer.csproj", "{9F45F4C2-A1B9-4AEA-9F77-72B9F864B593}"
EndProject
Project("{FAE04EC0-301F-11D3-BF4B-00C04F79EFBC}") = "EntityLayer", "EntityLayer\EntityLayer.csproj", "{D31C544E-8EB6-4A69-B0F2-9C46FF7FC533}"
EndProject
Project("{FAE04EC0-301F-11D3-BF4B-00C04F79EFBC}") = "Reports", "Reports\Reports.csproj", "{2954AEFF-5FF7-4AE0-9540-2A44F0DA2D4F}"
EndProject
Project("{FAE04EC0-301F-11D3-BF4B-00C04F79EFBC}") = "OpeningEntry", "OpeningEntry\OpeningEntry.csproj", "{DCAFDE52-3313-413B-AFC0-D827B9F3E206}"
EndProject
Project("{FAE04EC0-301F-11D3-BF4B-00C04F79EFBC}") = "OpeningBusinessLogic", "OpeningBusinessLogic\OpeningBusinessLogic.csproj", "{70EB1679-A728-4F6C-B740-4D4C36000B4D}"
EndProject
Project("{FAE04EC0-301F-11D3-BF4B-00C04F79EFBC}") = "BreezeERPAPI", "BreezeERPAPI\BreezeERPAPI.csproj", "{AFF27EAF-11A2-4F69-8156-E15C9C17EE12}"
EndProject
Project("{FAE04EC0-301F-11D3-BF4B-00C04F79EFBC}") = "ShopAPI", "ShopAPI\ShopAPI.csproj", "{E80420D8-44AE-4336-84D0-8499A550AFFB}"
EndProject
Project("{FAE04EC0-301F-11D3-BF4B-00C04F79EFBC}") = "MyShop", "MyShop\MyShop.csproj", "{3AC4B33B-476A-4A03-8939-11B65B82A7E0}"
EndProject
Project("{FAE04EC0-301F-11D3-BF4B-00C04F79EFBC}") = "FTSEntityframework", "FTSEntityframework\FTSEntityframework.csproj", "{33549260-CC03-41F9-B519-3707ABC219A5}"
EndProject
Project("{FAE04EC0-301F-11D3-BF4B-00C04F79EFBC}") = "MyShopProject", "MyShopProject\MyShopProject.csproj", "{227AA681-ED62-4841-A858-48839794576A}"
EndProject
Global
	GlobalSection(SourceCodeControl) = preSolution
		SccNumberOfProjects = 14
		SccLocalPath0 = .
		SccProjectUniqueName1 = BreezeERPAPI\\BreezeERPAPI.csproj
		SccLocalPath1 = .
		SccProjectFilePathRelativizedFromConnection1 = BreezeERPAPI\\
		SccProjectUniqueName2 = BusinessLogicLayer\\BusinessLogicLayer.csproj
		SccLocalPath2 = .
		SccProjectFilePathRelativizedFromConnection2 = BusinessLogicLayer\\
		SccProjectUniqueName3 = DataAccessLayer\\DataAccessLayer.csproj
		SccLocalPath3 = .
		SccProjectFilePathRelativizedFromConnection3 = DataAccessLayer\\
		SccProjectUniqueName4 = EntityLayer\\EntityLayer.csproj
		SccLocalPath4 = .
		SccProjectFilePathRelativizedFromConnection4 = EntityLayer\\
		SccProjectUniqueName5 = ERP.UI\\ERP.csproj
		SccLocalPath5 = .
		SccProjectFilePathRelativizedFromConnection5 = ERP.UI\\
		SccProjectUniqueName6 = FTSEntityframework\\FTSEntityframework.csproj
		SccLocalPath6 = .
		SccProjectFilePathRelativizedFromConnection6 = FTSEntityframework\\
		SccProjectUniqueName7 = MyShop\\MyShop.csproj
		SccLocalPath7 = .
		SccProjectFilePathRelativizedFromConnection7 = MyShop\\
		SccProjectUniqueName8 = MyShopProject\\MyShopProject.csproj
		SccLocalPath8 = .
		SccProjectFilePathRelativizedFromConnection8 = MyShopProject\\
		SccProjectUniqueName9 = OpeningBusinessLogic\\OpeningBusinessLogic.csproj
		SccLocalPath9 = .
		SccProjectFilePathRelativizedFromConnection9 = OpeningBusinessLogic\\
		SccProjectUniqueName10 = OpeningEntry\\OpeningEntry.csproj
		SccLocalPath10 = .
		SccProjectFilePathRelativizedFromConnection10 = OpeningEntry\\
		SccProjectUniqueName11 = Reports\\Reports.csproj
		SccLocalPath11 = .
		SccProjectFilePathRelativizedFromConnection11 = Reports\\
		SccProjectUniqueName12 = ShopAPI\\ShopAPI.csproj
		SccLocalPath12 = .
		SccProjectFilePathRelativizedFromConnection12 = ShopAPI\\
		SccProjectUniqueName13 = UtilityLayer\\UtilityLayer.csproj
		SccLocalPath13 = .
		SccProjectFilePathRelativizedFromConnection13 = UtilityLayer\\
	EndGlobalSection
	GlobalSection(SolutionConfigurationPlatforms) = preSolution
		Debug|Any CPU = Debug|Any CPU
		Release|Any CPU = Release|Any CPU
	EndGlobalSection
	GlobalSection(ProjectConfigurationPlatforms) = postSolution
		{A2B7ADE9-0B60-49C9-AC01-8D3B3A2641D8}.Debug|Any CPU.ActiveCfg = Debug|Any CPU
		{A2B7ADE9-0B60-49C9-AC01-8D3B3A2641D8}.Debug|Any CPU.Build.0 = Debug|Any CPU
		{A2B7ADE9-0B60-49C9-AC01-8D3B3A2641D8}.Release|Any CPU.ActiveCfg = Release|Any CPU
		{A2B7ADE9-0B60-49C9-AC01-8D3B3A2641D8}.Release|Any CPU.Build.0 = Release|Any CPU
		{EA505340-6C3F-4A45-8876-61C0C8A17A5F}.Debug|Any CPU.ActiveCfg = Debug|Any CPU
		{EA505340-6C3F-4A45-8876-61C0C8A17A5F}.Debug|Any CPU.Build.0 = Debug|Any CPU
		{EA505340-6C3F-4A45-8876-61C0C8A17A5F}.Release|Any CPU.ActiveCfg = Release|Any CPU
		{EA505340-6C3F-4A45-8876-61C0C8A17A5F}.Release|Any CPU.Build.0 = Release|Any CPU
		{E0403CE7-71F7-4D02-85D1-1EE7125C1E75}.Debug|Any CPU.ActiveCfg = Debug|Any CPU
		{E0403CE7-71F7-4D02-85D1-1EE7125C1E75}.Debug|Any CPU.Build.0 = Debug|Any CPU
		{E0403CE7-71F7-4D02-85D1-1EE7125C1E75}.Release|Any CPU.ActiveCfg = Release|Any CPU
		{E0403CE7-71F7-4D02-85D1-1EE7125C1E75}.Release|Any CPU.Build.0 = Release|Any CPU
		{9F45F4C2-A1B9-4AEA-9F77-72B9F864B593}.Debug|Any CPU.ActiveCfg = Debug|Any CPU
		{9F45F4C2-A1B9-4AEA-9F77-72B9F864B593}.Debug|Any CPU.Build.0 = Debug|Any CPU
		{9F45F4C2-A1B9-4AEA-9F77-72B9F864B593}.Release|Any CPU.ActiveCfg = Release|Any CPU
		{9F45F4C2-A1B9-4AEA-9F77-72B9F864B593}.Release|Any CPU.Build.0 = Release|Any CPU
		{D31C544E-8EB6-4A69-B0F2-9C46FF7FC533}.Debug|Any CPU.ActiveCfg = Debug|Any CPU
		{D31C544E-8EB6-4A69-B0F2-9C46FF7FC533}.Debug|Any CPU.Build.0 = Debug|Any CPU
		{D31C544E-8EB6-4A69-B0F2-9C46FF7FC533}.Release|Any CPU.ActiveCfg = Release|Any CPU
		{D31C544E-8EB6-4A69-B0F2-9C46FF7FC533}.Release|Any CPU.Build.0 = Release|Any CPU
		{2954AEFF-5FF7-4AE0-9540-2A44F0DA2D4F}.Debug|Any CPU.ActiveCfg = Debug|Any CPU
		{2954AEFF-5FF7-4AE0-9540-2A44F0DA2D4F}.Debug|Any CPU.Build.0 = Debug|Any CPU
		{2954AEFF-5FF7-4AE0-9540-2A44F0DA2D4F}.Release|Any CPU.ActiveCfg = Release|Any CPU
		{2954AEFF-5FF7-4AE0-9540-2A44F0DA2D4F}.Release|Any CPU.Build.0 = Release|Any CPU
		{DCAFDE52-3313-413B-AFC0-D827B9F3E206}.Debug|Any CPU.ActiveCfg = Debug|Any CPU
		{DCAFDE52-3313-413B-AFC0-D827B9F3E206}.Debug|Any CPU.Build.0 = Debug|Any CPU
		{DCAFDE52-3313-413B-AFC0-D827B9F3E206}.Release|Any CPU.ActiveCfg = Release|Any CPU
		{DCAFDE52-3313-413B-AFC0-D827B9F3E206}.Release|Any CPU.Build.0 = Release|Any CPU
		{70EB1679-A728-4F6C-B740-4D4C36000B4D}.Debug|Any CPU.ActiveCfg = Debug|Any CPU
		{70EB1679-A728-4F6C-B740-4D4C36000B4D}.Debug|Any CPU.Build.0 = Debug|Any CPU
		{70EB1679-A728-4F6C-B740-4D4C36000B4D}.Release|Any CPU.ActiveCfg = Release|Any CPU
		{70EB1679-A728-4F6C-B740-4D4C36000B4D}.Release|Any CPU.Build.0 = Release|Any CPU
		{AFF27EAF-11A2-4F69-8156-E15C9C17EE12}.Debug|Any CPU.ActiveCfg = Debug|Any CPU
		{AFF27EAF-11A2-4F69-8156-E15C9C17EE12}.Debug|Any CPU.Build.0 = Debug|Any CPU
		{AFF27EAF-11A2-4F69-8156-E15C9C17EE12}.Release|Any CPU.ActiveCfg = Release|Any CPU
		{AFF27EAF-11A2-4F69-8156-E15C9C17EE12}.Release|Any CPU.Build.0 = Release|Any CPU
		{E80420D8-44AE-4336-84D0-8499A550AFFB}.Debug|Any CPU.ActiveCfg = Debug|Any CPU
		{E80420D8-44AE-4336-84D0-8499A550AFFB}.Debug|Any CPU.Build.0 = Debug|Any CPU
		{E80420D8-44AE-4336-84D0-8499A550AFFB}.Release|Any CPU.ActiveCfg = Release|Any CPU
		{E80420D8-44AE-4336-84D0-8499A550AFFB}.Release|Any CPU.Build.0 = Release|Any CPU
		{3AC4B33B-476A-4A03-8939-11B65B82A7E0}.Debug|Any CPU.ActiveCfg = Debug|Any CPU
		{3AC4B33B-476A-4A03-8939-11B65B82A7E0}.Debug|Any CPU.Build.0 = Debug|Any CPU
		{3AC4B33B-476A-4A03-8939-11B65B82A7E0}.Release|Any CPU.ActiveCfg = Release|Any CPU
		{3AC4B33B-476A-4A03-8939-11B65B82A7E0}.Release|Any CPU.Build.0 = Release|Any CPU
		{33549260-CC03-41F9-B519-3707ABC219A5}.Debug|Any CPU.ActiveCfg = Debug|Any CPU
		{33549260-CC03-41F9-B519-3707ABC219A5}.Debug|Any CPU.Build.0 = Debug|Any CPU
		{33549260-CC03-41F9-B519-3707ABC219A5}.Release|Any CPU.ActiveCfg = Release|Any CPU
		{33549260-CC03-41F9-B519-3707ABC219A5}.Release|Any CPU.Build.0 = Release|Any CPU
		{227AA681-ED62-4841-A858-48839794576A}.Debug|Any CPU.ActiveCfg = Debug|Any CPU
		{227AA681-ED62-4841-A858-48839794576A}.Debug|Any CPU.Build.0 = Debug|Any CPU
		{227AA681-ED62-4841-A858-48839794576A}.Release|Any CPU.ActiveCfg = Release|Any CPU
		{227AA681-ED62-4841-A858-48839794576A}.Release|Any CPU.Build.0 = Release|Any CPU
	EndGlobalSection
	GlobalSection(SolutionProperties) = preSolution
		HideSolutionNode = FALSE
	EndGlobalSection
EndGlobal
